
Microsoft Visual Studio Solution File, Format Version 12.00
# Visual Studio 15
VisualStudioVersion = 15.0.28010.0
MinimumVisualStudioVersion = 10.0.40219.1
Project("{FAE04EC0-301F-11D3-BF4B-00C04F79EFBC}") = "Symbolic", "Symbolic\Symbolic.csproj", "{3CB1B251-292D-4426-825D-62530681878E}"
EndProject
Global
	GlobalSection(SolutionConfigurationPlatforms) = preSolution
		Debug|Any CPU = Debug|Any CPU
		Release|Any CPU = Release|Any CPU
	EndGlobalSection
	GlobalSection(ProjectConfigurationPlatforms) = postSolution
		{3CB1B251-292D-4426-825D-62530681878E}.Debug|Any CPU.ActiveCfg = Debug|Any CPU
		{3CB1B251-292D-4426-825D-62530681878E}.Debug|Any CPU.Build.0 = Debug|Any CPU
		{3CB1B251-292D-4426-825D-62530681878E}.Release|Any CPU.ActiveCfg = Release|Any CPU
		{3CB1B251-292D-4426-825D-62530681878E}.Release|Any CPU.Build.0 = Release|Any CPU
	EndGlobalSection
	GlobalSection(SolutionProperties) = preSolution
		HideSolutionNode = FALSE
	EndGlobalSection
	GlobalSection(ExtensibilityGlobals) = postSolution
		SolutionGuid = {2A884377-A4CD-4454-B137-A1455FBF99F5}
	EndGlobalSection
EndGlobal
